
Microsoft Visual Studio Solution File, Format Version 12.00
# Visual Studio Version 16
VisualStudioVersion = 16.0.30320.27
MinimumVisualStudioVersion = 10.0.40219.1
Project("{FAE04EC0-301F-11D3-BF4B-00C04F79EFBC}") = "ElectionVotes", "ElectionVotes\ElectionVotes.csproj", "{024FF7B2-C71C-4C36-8C94-51D59B8BD8EE}"
EndProject
Global
	GlobalSection(SolutionConfigurationPlatforms) = preSolution
		Debug|Any CPU = Debug|Any CPU
		Release|Any CPU = Release|Any CPU
	EndGlobalSection
	GlobalSection(ProjectConfigurationPlatforms) = postSolution
		{024FF7B2-C71C-4C36-8C94-51D59B8BD8EE}.Debug|Any CPU.ActiveCfg = Debug|Any CPU
		{024FF7B2-C71C-4C36-8C94-51D59B8BD8EE}.Debug|Any CPU.Build.0 = Debug|Any CPU
		{024FF7B2-C71C-4C36-8C94-51D59B8BD8EE}.Release|Any CPU.ActiveCfg = Release|Any CPU
		{024FF7B2-C71C-4C36-8C94-51D59B8BD8EE}.Release|Any CPU.Build.0 = Release|Any CPU
	EndGlobalSection
	GlobalSection(SolutionProperties) = preSolution
		HideSolutionNode = FALSE
	EndGlobalSection
	GlobalSection(ExtensibilityGlobals) = postSolution
		SolutionGuid = {CCD6369E-4078-4474-A81C-22DA4A13C24A}
	EndGlobalSection
EndGlobal
